lockfileVersion: '6.0'

settings:
  autoInstallPeers: true
  excludeLinksFromLockfile: false

dependencies:
  '@unpic/react':
    specifier: ^0.1.8
    version: 0.1.11(react-dom@18.2.0)(react@18.2.0)
  husky:
    specifier: ^9.0.11
    version: 9.0.11
  prettier:
    specifier: ^3.2.5
    version: 3.2.5
  prettier-plugin-jsp:
    specifier: ^1.0.13
    version: 1.0.13(prettier@3.2.5)

devDependencies:
  prettier-plugin-java:
    specifier: ^2.5.0
    version: 2.6.0

packages:

  /@chevrotain/cst-dts-gen@11.0.3:
    resolution: {integrity: sha512-BvIKpRLeS/8UbfxXxgC33xOumsacaeCKAjAeLyOn7Pcp95HiRbrpl14S+9vaZLolnbssPIUuiUd8IvgkRyt6NQ==}
    dependencies:
      '@chevrotain/gast': 11.0.3
      '@chevrotain/types': 11.0.3
      lodash-es: 4.17.21
    dev: true

  /@chevrotain/gast@11.0.3:
    resolution: {integrity: sha512-+qNfcoNk70PyS/uxmj3li5NiECO+2YKZZQMbmjTqRI3Qchu8Hig/Q9vgkHpI3alNjr7M+a2St5pw5w5F6NL5/Q==}
    dependencies:
      '@chevrotain/types': 11.0.3
      lodash-es: 4.17.21
    dev: true

  /@chevrotain/regexp-to-ast@11.0.3:
    resolution: {integrity: sha512-1fMHaBZxLFvWI067AVbGJav1eRY7N8DDvYCTwGBiE/ytKBgP8azTdgyrKyWZ9Mfh09eHWb5PgTSO8wi7U824RA==}
    dev: true

  /@chevrotain/types@11.0.3:
    resolution: {integrity: sha512-gsiM3G8b58kZC2HaWR50gu6Y1440cHiJ+i3JUvcp/35JchYejb2+5MVeJK0iKThYpAa/P2PYFV4hoi44HD+aHQ==}
    dev: true

  /@chevrotain/utils@11.0.3:
    resolution: {integrity: sha512-YslZMgtJUyuMbZ+aKvfF3x1f5liK4mWNxghFRv7jqRR9C3R3fAOGTTKvxXDa2Y1s9zSbcpuO0cAxDYsc9SrXoQ==}
    dev: true

  /@unpic/core@0.0.47:
    resolution: {integrity: sha512-h8Jage7Jh4PS7j77syB/qQR75eDzF0aTJc7mkDfWwqp5HKDfLb7L/3i7ta8Iasg6qZzfySWX/hzy+kLuOJS5XA==}
    dependencies:
      unpic: 3.17.0
    dev: false

  /@unpic/react@0.1.11(react-dom@18.2.0)(react@18.2.0):
    resolution: {integrity: sha512-8ru3Pc+DaADnTkuEqe2v+PzqUT6fhqs89bvJ9ESAg/OI2Nq7FCPu+zc77tnBYMY+VJtcfGjB9tNF3KIfxOB7Jg==}
    peerDependencies:
      next: '>=14'
      react: '>=17'
      react-dom: '>=17'
    peerDependenciesMeta:
      next:
        optional: true
    dependencies:
      '@unpic/core': 0.0.47
      react: 18.2.0
      react-dom: 18.2.0(react@18.2.0)
    dev: false

  /chevrotain-allstar@0.3.1(chevrotain@11.0.3):
    resolution: {integrity: sha512-b7g+y9A0v4mxCW1qUhf3BSVPg+/NvGErk/dOkrDaHA0nQIQGAtrOjlX//9OQtRlSCy+x9rfB5N8yC71lH1nvMw==}
    peerDependencies:
      chevrotain: ^11.0.0
    dependencies:
      chevrotain: 11.0.3
      lodash-es: 4.17.21
    dev: true

  /chevrotain@11.0.3:
    resolution: {integrity: sha512-ci2iJH6LeIkvP9eJW6gpueU8cnZhv85ELY8w8WiFtNjMHA5ad6pQLaJo9mEly/9qUyCpvqX8/POVUTf18/HFdw==}
    dependencies:
      '@chevrotain/cst-dts-gen': 11.0.3
      '@chevrotain/gast': 11.0.3
      '@chevrotain/regexp-to-ast': 11.0.3
      '@chevrotain/types': 11.0.3
      '@chevrotain/utils': 11.0.3
      lodash-es: 4.17.21
    dev: true

  /husky@9.0.11:
    resolution: {integrity: sha512-AB6lFlbwwyIqMdHYhwPe+kjOC3Oc5P3nThEoW/AaO2BX3vJDjWPFxYLxokUZOo6RNX20He3AaT8sESs9NJcmEw==}
    engines: {node: '>=18'}
    hasBin: true
    dev: false

  /java-parser@2.3.0:
    resolution: {integrity: sha512-P6Ma4LU1w/e0Lr4SVM/0PtqCGoL2/i/KP9ZoiyLa824oBqhF0yGTgHDyZkLgp9GTzqR43wm5wabE56FF5X7cqg==}
    dependencies:
      chevrotain: 11.0.3
      chevrotain-allstar: 0.3.1(chevrotain@11.0.3)
      lodash: 4.17.21
    dev: true

  /js-tokens@4.0.0:
    resolution: {integrity: sha512-RdJUflcE3cUzKiMqQgsCu06FPu9UdIJO0beYbPhHN4k6apgJtifcoCtT9bcxOpYBtpD2kCM6Sbzg4CausW/PKQ==}
    dev: false

  /lodash-es@4.17.21:
    resolution: {integrity: sha512-mKnC+QJ9pWVzv+C4/U3rRsHapFfHvQFoFB92e52xeyGMcX6/OlIl78je1u8vePzYZSkkogMPJ2yjxxsb89cxyw==}
    dev: true

  /lodash@4.17.21:
    resolution: {integrity: sha512-v2kDEe57lecTulaDIuNTPy3Ry4gLGJ6Z1O3vE1krgXZNrsQ+LFTGHVxVjcXPs17LhbZVGedAJv8XZ1tvj5FvSg==}
    dev: true

  /loose-envify@1.4.0:
    resolution: {integrity: sha512-lyuxPGr/Wfhrlem2CL/UcnUc1zcqKAImBDzukY7Y5F/yQiNdko6+fRLevlw1HgMySw7f611UIY408EtxRSoK3Q==}
    hasBin: true
    dependencies:
      js-tokens: 4.0.0
    dev: false

  /prettier-plugin-java@2.6.0:
    resolution: {integrity: sha512-mHZ3Ub3WAyYSUe1mMbiGH85xYV+NtzJgNsrfLNYDKvL7NfvoKBuJiEW4Xa2MFG668f9uRdj38WEuPKmRu+nv/g==}
    dependencies:
      java-parser: 2.3.0
      lodash: 4.17.21
      prettier: 3.2.5
    dev: true

  /prettier-plugin-jsp@1.0.13(prettier@3.2.5):
    resolution: {integrity: sha512-BA9tgwgUU+MScXRTr8HoHx8nVDsc3KFOWsOaazm9IrVQYk+SQrUKSY9FSfqPlfXtrP5vgFEFWFkafz5hEKF9jQ==}
    peerDependencies:
      prettier: ^2.7.1
    dependencies:
      prettier: 3.2.5
    dev: false

  /prettier@3.2.5:
    resolution: {integrity: sha512-3/GWa9aOC0YeD7LUfvOG2NiDyhOWRvt1k+rcKhOuYnMY24iiCphgneUfJDyFXd6rZCAnuLBv6UeAULtrhT/F4A==}
    engines: {node: '>=14'}
    hasBin: true

  /react-dom@18.2.0(react@18.2.0):
    resolution: {integrity: sha512-6IMTriUmvsjHUjNtEDudZfuDQUoWXVxKHhlEGSk81n4YFS+r/Kl99wXiwlVXtPBtJenozv2P+hxDsw9eA7Xo6g==}
    peerDependencies:
      react: ^18.2.0
    dependencies:
      loose-envify: 1.4.0
      react: 18.2.0
      scheduler: 0.23.0
    dev: false

  /react@18.2.0:
    resolution: {integrity: sha512-/3IjMdb2L9QbBdWiW5e3P2/npwMBaU9mHCSCUzNln0ZCYbcfTsGbTJrU/kGemdH2IWmB2ioZ+zkxtmq6g09fGQ==}
    engines: {node: '>=0.10.0'}
    dependencies:
      loose-envify: 1.4.0
    dev: false

  /scheduler@0.23.0:
    resolution: {integrity: sha512-CtuThmgHNg7zIZWAXi3AsyIzA3n4xx7aNyjwC2VJldO2LMVDhFK+63xGqq6CsJH4rTAt6/M+N4GhZiDYPx9eUw==}
    dependencies:
      loose-envify: 1.4.0
    dev: false

  /unpic@3.17.0:
    resolution: {integrity: sha512-1b0ACPDLWqDE4MJ+IW5e48pGVSA5zKU2nF05EDxl/vvHq610MnfHNczIm6RBNPKuAA+G1tQ2ef1mgxj5J7+plw==}
    dev: false
